
Microsoft Visual Studio Solution File, Format Version 12.00
# Visual Studio Version 17
VisualStudioVersion = 17.1.32210.238
MinimumVisualStudioVersion = 10.0.40219.1
Project("{9A19103F-16F7-4668-BE54-9A1E7A4F7556}") = "hotel", "fghfghfgh\hotel.csproj", "{450A2B55-2C0F-442C-93DE-03258D09FC08}"
EndProject
Global
	GlobalSection(SolutionConfigurationPlatforms) = preSolution
		Debug|Any CPU = Debug|Any CPU
		Release|Any CPU = Release|Any CPU
	EndGlobalSection
	GlobalSection(ProjectConfigurationPlatforms) = postSolution
		{450A2B55-2C0F-442C-93DE-03258D09FC08}.Debug|Any CPU.ActiveCfg = Debug|Any CPU
		{450A2B55-2C0F-442C-93DE-03258D09FC08}.Debug|Any CPU.Build.0 = Debug|Any CPU
		{450A2B55-2C0F-442C-93DE-03258D09FC08}.Release|Any CPU.ActiveCfg = Release|Any CPU
		{450A2B55-2C0F-442C-93DE-03258D09FC08}.Release|Any CPU.Build.0 = Release|Any CPU
	EndGlobalSection
	GlobalSection(SolutionProperties) = preSolution
		HideSolutionNode = FALSE
	EndGlobalSection
	GlobalSection(ExtensibilityGlobals) = postSolution
		SolutionGuid = {CE427B71-F203-4072-8932-A7389C3BE15B}
	EndGlobalSection
EndGlobal
